# This file is autogenerated, do not edit; changes may be undone by the next 'dep ensure'.


[[projects]]
  digest = "1:a163f4257c45a76ce757d76910e2c0815bd404c97c6105c42c9fc3bc54097d6c"
  name = "github.com/modern-go/reflect2"
  packages = ["."]
  pruneopts = ""
  revision = "2b33151c9bbc5231aea69b8861c540102b087070"
  version = "v1.0.2"

[solve-meta]
  analyzer-name = "dep"
  analyzer-version = 1
  input-imports = ["github.com/modern-go/reflect2"]
  solver-name = "gps-cdcl"
  solver-version = 1
